
Microsoft Visual Studio Solution File, Format Version 12.00
# Visual Studio Version 16
VisualStudioVersion = 16.0.29009.5
MinimumVisualStudioVersion = 10.0.40219.1
Project("{FAE04EC0-301F-11D3-BF4B-00C04F79EFBC}") = "MyLab", "MyLab\MyLab.csproj", "{78ECBD7F-3C7A-432D-B712-35B8F96B9344}"
EndProject
Global
	GlobalSection(SolutionConfigurationPlatforms) = preSolution
		Debug|Any CPU = Debug|Any CPU
		Release|Any CPU = Release|Any CPU
	EndGlobalSection
	GlobalSection(ProjectConfigurationPlatforms) = postSolution
		{78ECBD7F-3C7A-432D-B712-35B8F96B9344}.Debug|Any CPU.ActiveCfg = Debug|Any CPU
		{78ECBD7F-3C7A-432D-B712-35B8F96B9344}.Debug|Any CPU.Build.0 = Debug|Any CPU
		{78ECBD7F-3C7A-432D-B712-35B8F96B9344}.Release|Any CPU.ActiveCfg = Release|Any CPU
		{78ECBD7F-3C7A-432D-B712-35B8F96B9344}.Release|Any CPU.Build.0 = Release|Any CPU
	EndGlobalSection
	GlobalSection(SolutionProperties) = preSolution
		HideSolutionNode = FALSE
	EndGlobalSection
	GlobalSection(ExtensibilityGlobals) = postSolution
		SolutionGuid = {191F8FCB-08EF-4B83-B972-7708B41D3FCC}
	EndGlobalSection
EndGlobal
